{
  "name": "chesshacks",
  "lockfileVersion": 3,
  "requires": true,
  "packages": {
    "": {
      "dependencies": {
        "chesshacks": "^1.0.10"
      }
    },
    "node_modules/chesshacks": {
      "version": "1.0.10",
      "resolved": "https://registry.npmjs.org/chesshacks/-/chesshacks-1.0.10.tgz",
      "integrity": "sha512-KiiTVuXawNkoRfdmCTV2bjCYMTX56GktyrGfgyPYESdG7MX2g9izvF3v9fXTMA9+MtU+tU4QrQJ9uExc6rh2qg==",
      "bin": {
        "chesshacks": "bin/cli.js"
      }
    }
  }
}
